
Microsoft Visual Studio Solution File, Format Version 12.00
# Visual Studio Version 17
VisualStudioVersion = 17.2.32630.192
MinimumVisualStudioVersion = 10.0.40219.1
Project("{FAE04EC0-301F-11D3-BF4B-00C04F79EFBC}") = "Beginners_exercises", "Beginners_exercises\Beginners_exercises.csproj", "{CE282B79-26D9-487B-9A72-68A312016F6C}"
EndProject
Global
	GlobalSection(SolutionConfigurationPlatforms) = preSolution
		Debug|Any CPU = Debug|Any CPU
		Release|Any CPU = Release|Any CPU
	EndGlobalSection
	GlobalSection(ProjectConfigurationPlatforms) = postSolution
		{CE282B79-26D9-487B-9A72-68A312016F6C}.Debug|Any CPU.ActiveCfg = Debug|Any CPU
		{CE282B79-26D9-487B-9A72-68A312016F6C}.Debug|Any CPU.Build.0 = Debug|Any CPU
		{CE282B79-26D9-487B-9A72-68A312016F6C}.Release|Any CPU.ActiveCfg = Release|Any CPU
		{CE282B79-26D9-487B-9A72-68A312016F6C}.Release|Any CPU.Build.0 = Release|Any CPU
	EndGlobalSection
	GlobalSection(SolutionProperties) = preSolution
		HideSolutionNode = FALSE
	EndGlobalSection
	GlobalSection(ExtensibilityGlobals) = postSolution
		SolutionGuid = {D139AD6B-8236-4A9A-B9BC-03804E5123C6}
	EndGlobalSection
EndGlobal
